
Microsoft Visual Studio Solution File, Format Version 12.00
Project("{FAE04EC0-301F-11D3-BF4B-00C04F79EFBC}") = "IFT630-Project", "IFT630-Project\IFT630-Project.csproj", "{8D79CDB8-4E23-458A-9A01-FB49A3B4DA6C}"
EndProject
Global
	GlobalSection(SolutionConfigurationPlatforms) = preSolution
		Debug|Any CPU = Debug|Any CPU
		Release|Any CPU = Release|Any CPU
	EndGlobalSection
	GlobalSection(ProjectConfigurationPlatforms) = postSolution
		{8D79CDB8-4E23-458A-9A01-FB49A3B4DA6C}.Debug|Any CPU.ActiveCfg = Debug|Any CPU
		{8D79CDB8-4E23-458A-9A01-FB49A3B4DA6C}.Debug|Any CPU.Build.0 = Debug|Any CPU
		{8D79CDB8-4E23-458A-9A01-FB49A3B4DA6C}.Release|Any CPU.ActiveCfg = Release|Any CPU
		{8D79CDB8-4E23-458A-9A01-FB49A3B4DA6C}.Release|Any CPU.Build.0 = Release|Any CPU
	EndGlobalSection
EndGlobal
